{
  "nodes": {
    "agenix": {
      "inputs": {
        "darwin": "darwin",
        "nixpkgs": [
          "nixpkgs"
        ]
      },
      "locked": {
        "lastModified": 1682101079,
        "narHash": "sha256-MdAhtjrLKnk2uiqun1FWABbKpLH090oeqCSiWemtuck=",
        "owner": "ryantm",
        "repo": "agenix",
        "rev": "2994d002dcff5353ca1ac48ec584c7f6589fe447",
        "type": "github"
      },
      "original": {
        "owner": "ryantm",
        "repo": "agenix",
        "type": "github"
      }
    },
    "blessings": {
      "flake": false,
      "locked": {
        "lastModified": 1549397368,
        "narHash": "sha256-YVIGRG+/ey4nFEZl1ZPHj7Hx/Of3rsUGnkLK4V4zZd0=",
        "ref": "refs/heads/master",
        "rev": "d94712a015636efe7ec79bc0a2eec6739d0be779",
        "revCount": 18,
        "type": "git",
        "url": "https://cgit.krebsco.de/blessings"
      },
      "original": {
        "type": "git",
        "url": "https://cgit.krebsco.de/blessings"
      }
    },
    "darwin": {
      "inputs": {
        "nixpkgs": [
          "agenix",
          "nixpkgs"
        ]
      },
      "locked": {
        "lastModified": 1673295039,
        "narHash": "sha256-AsdYgE8/GPwcelGgrntlijMg4t3hLFJFCRF3tL5WVjA=",
        "owner": "lnl7",
        "repo": "nix-darwin",
        "rev": "87b9d090ad39b25b2400029c64825fc2a8868943",
        "type": "github"
      },
      "original": {
        "owner": "lnl7",
        "ref": "master",
        "repo": "nix-darwin",
        "type": "github"
      }
    },
    "flake-utils": {
      "inputs": {
        "systems": "systems"
      },
      "locked": {
        "lastModified": 1681202837,
        "narHash": "sha256-H+Rh19JDwRtpVPAWp64F+rlEtxUWBAQW28eAi3SRSzg=",
        "owner": "numtide",
        "repo": "flake-utils",
        "rev": "cfacdce06f30d2b68473a46042957675eebb3401",
        "type": "github"
      },
      "original": {
        "owner": "numtide",
        "repo": "flake-utils",
        "type": "github"
      }
    },
    "home-manager": {
      "inputs": {
        "nixpkgs": [
          "nixpkgs"
        ],
        "utils": [
          "flake-utils"
        ]
      },
      "locked": {
        "lastModified": 1681092193,
        "narHash": "sha256-JerCqqOqbT2tBnXQW4EqwFl0hHnuZp21rIQ6lu/N4rI=",
        "owner": "nix-community",
        "repo": "home-manager",
        "rev": "f9edbedaf015013eb35f8caacbe0c9666bbc16af",
        "type": "github"
      },
      "original": {
        "owner": "nix-community",
        "ref": "release-22.11",
        "repo": "home-manager",
        "type": "github"
      }
    },
    "menstruation-backend": {
      "inputs": {
        "flake-utils": [
          "flake-utils"
        ],
        "nixpkgs": [
          "nixpkgs"
        ],
        "rust-overlay": [
          "rust-overlay"
        ]
      },
      "locked": {
        "lastModified": 1677075142,
        "narHash": "sha256-0RXVZcK2YtPckd/3+jb+yLpeXZ6jnQe25w9idztDXi8=",
        "owner": "kmein",
        "repo": "menstruation.rs",
        "rev": "e34af4393963cdbadb456b7b9ae2e95e6db7b8a3",
        "type": "github"
      },
      "original": {
        "owner": "kmein",
        "repo": "menstruation.rs",
        "type": "github"
      }
    },
    "menstruation-telegram": {
      "inputs": {
        "flake-utils": [
          "flake-utils"
        ],
        "menstruation-backend": [
          "menstruation-backend"
        ],
        "nixpkgs": [
          "nixpkgs-old"
        ]
      },
      "locked": {
        "lastModified": 1677075205,
        "narHash": "sha256-2+xuAhsS3y2qB0ObVPCHXrmnTsIZ8uI5HFI4+Ash8PY=",
        "owner": "kmein",
        "repo": "menstruation-telegram",
        "rev": "f7ddb6d9610aacb50ec66a3ce1bdc49fe4664a49",
        "type": "github"
      },
      "original": {
        "owner": "kmein",
        "repo": "menstruation-telegram",
        "type": "github"
      }
    },
    "nixinate": {
      "inputs": {
        "nixpkgs": [
          "nixpkgs"
        ]
      },
      "locked": {
        "lastModified": 1671116920,
        "narHash": "sha256-QmDGsUUmAGn77UTR7eQJmebl8f3IIUCtmbbAdJqKA3s=",
        "owner": "matthewcroughan",
        "repo": "nixinate",
        "rev": "b4d17b8e2a4abc47e93e1a1c466e0286a63640d8",
        "type": "github"
      },
      "original": {
        "owner": "matthewcroughan",
        "repo": "nixinate",
        "type": "github"
      }
    },
    "nixpkgs": {
      "locked": {
        "lastModified": 1683383741,
        "narHash": "sha256-rAQSBnFGNKNomUUyVl+7v0tnp45677t4Ovlh9f57k6Q=",
        "owner": "NixOS",
        "repo": "nixpkgs",
        "rev": "adc7c6f1bbaa73cda26be2323353b63a05b42f61",
        "type": "github"
      },
      "original": {
        "owner": "NixOS",
        "ref": "nixos-22.11",
        "repo": "nixpkgs",
        "type": "github"
      }
    },
    "nixpkgs-old": {
      "locked": {
        "lastModified": 1682600000,
        "narHash": "sha256-ha4BehR1dh8EnXSoE1m/wyyYVvHI9txjW4w5/oxsW5Y=",
        "owner": "NixOS",
        "repo": "nixpkgs",
        "rev": "50fc86b75d2744e1ab3837ef74b53f103a9b55a0",
        "type": "github"
      },
      "original": {
        "owner": "NixOS",
        "repo": "nixpkgs",
        "rev": "50fc86b75d2744e1ab3837ef74b53f103a9b55a0",
        "type": "github"
      }
    },
    "nur": {
      "locked": {
        "lastModified": 1683477974,
        "narHash": "sha256-MmRFD5qCZ9xJy27F79pzmm0x/nLQAZwnvgc0U+oS/pM=",
        "owner": "nix-community",
        "repo": "NUR",
        "rev": "07670d5e996df305e79cb7e9becc24b91b1b4d9f",
        "type": "github"
      },
      "original": {
        "owner": "nix-community",
        "repo": "NUR",
        "type": "github"
      }
    },
    "recht": {
      "inputs": {
        "blessings": "blessings",
        "flake-utils": [
          "flake-utils"
        ],
        "nixpkgs": [
          "nixpkgs"
        ]
      },
      "locked": {
        "lastModified": 1677165419,
        "narHash": "sha256-pjYpXg+09rayon6uhSNd30ryrT2zYLOlDLBHQ9pnGZg=",
        "owner": "kmein",
        "repo": "recht",
        "rev": "5fa158ce21de797bd95a934dab8d4403b7531d20",
        "type": "github"
      },
      "original": {
        "owner": "kmein",
        "repo": "recht",
        "type": "github"
      }
    },
    "retiolum": {
      "locked": {
        "lastModified": 1682697608,
        "narHash": "sha256-SGhjlOQx9vDRrIxm+kyZzDjpiZDTzM3zLCLNgqWPmPY=",
        "ref": "refs/heads/master",
        "rev": "e0a7f5bf65c7097949d4e07aafd24aabec8d5852",
        "revCount": 305,
        "type": "git",
        "url": "https://git.thalheim.io/Mic92/retiolum"
      },
      "original": {
        "type": "git",
        "url": "https://git.thalheim.io/Mic92/retiolum"
      }
    },
    "root": {
      "inputs": {
        "agenix": "agenix",
        "flake-utils": "flake-utils",
        "home-manager": "home-manager",
        "menstruation-backend": "menstruation-backend",
        "menstruation-telegram": "menstruation-telegram",
        "nixinate": "nixinate",
        "nixpkgs": "nixpkgs",
        "nixpkgs-old": "nixpkgs-old",
        "nur": "nur",
        "recht": "recht",
        "retiolum": "retiolum",
        "rust-overlay": "rust-overlay",
        "scripts": "scripts",
        "telebots": "telebots",
        "tinc-graph": "tinc-graph",
        "traadfri": "traadfri",
        "voidrice": "voidrice"
      }
    },
    "rust-overlay": {
      "inputs": {
        "flake-utils": [
          "flake-utils"
        ],
        "nixpkgs": [
          "nixpkgs"
        ]
      },
      "locked": {
        "lastModified": 1683426137,
        "narHash": "sha256-iqLjaJDMppvK1ae1eL55b2r7EX+rbUuEnssFOe9eOm8=",
        "owner": "oxalica",
        "repo": "rust-overlay",
        "rev": "546a8209ce0965475495dd422e4ab3c6de7a268c",
        "type": "github"
      },
      "original": {
        "owner": "oxalica",
        "repo": "rust-overlay",
        "type": "github"
      }
    },
    "scripts": {
      "inputs": {
        "flake-utils": [
          "flake-utils"
        ],
        "nixpkgs": [
          "nixpkgs"
        ],
        "rust-overlay": [
          "rust-overlay"
        ]
      },
      "locked": {
        "lastModified": 1677271864,
        "narHash": "sha256-BghYMB/lauerExMsDtGZNGZGdoGuF7LPtbmpyh9ycyA=",
        "owner": "kmein",
        "repo": "scripts",
        "rev": "79bffac7f9eda1b3be76f2a4ff18d81b44c74390",
        "type": "github"
      },
      "original": {
        "owner": "kmein",
        "repo": "scripts",
        "type": "github"
      }
    },
    "systems": {
      "locked": {
        "lastModified": 1681028828,
        "narHash": "sha256-Vy1rq5AaRuLzOxct8nz4T6wlgyUR7zLU309k9mBC768=",
        "owner": "nix-systems",
        "repo": "default",
        "rev": "da67096a3b9bf56a91d16901293e51ba5b49a27e",
        "type": "github"
      },
      "original": {
        "owner": "nix-systems",
        "repo": "default",
        "type": "github"
      }
    },
    "telebots": {
      "inputs": {
        "flake-utils": [
          "flake-utils"
        ],
        "nixpkgs": [
          "nixpkgs-old"
        ]
      },
      "locked": {
        "lastModified": 1677156381,
        "narHash": "sha256-OMhqYJO2bWtL6osTMpQhA4ySUl4gvJTI13m1agipHJ0=",
        "owner": "kmein",
        "repo": "telebots",
        "rev": "5527e359e8394f2f66067de7f61587eb65055209",
        "type": "github"
      },
      "original": {
        "owner": "kmein",
        "repo": "telebots",
        "type": "github"
      }
    },
    "tinc-graph": {
      "inputs": {
        "flake-utils": [
          "flake-utils"
        ],
        "nixpkgs": [
          "nixpkgs"
        ],
        "rust-overlay": [
          "rust-overlay"
        ]
      },
      "locked": {
        "lastModified": 1677160040,
        "narHash": "sha256-UhyZaIZ88vN/7fiBcamfV77eHjQnL8zSVznaqxLgbhs=",
        "owner": "kmein",
        "repo": "tinc-graph",
        "rev": "f705ca35e30ab0daf9cf52000e58931d7c5c42b5",
        "type": "github"
      },
      "original": {
        "owner": "kmein",
        "repo": "tinc-graph",
        "type": "github"
      }
    },
    "traadfri": {
      "inputs": {
        "flake-utils": [
          "flake-utils"
        ],
        "nixpkgs": [
          "nixpkgs-old"
        ]
      },
      "locked": {
        "lastModified": 1677165914,
        "narHash": "sha256-3N08NabgDwTUy1n5wxpT27iddFrgXW35E1x2UgAKkDQ=",
        "owner": "kmein",
        "repo": "traadfri",
        "rev": "11571116ed5d2c6478c615d663d1f96f57a97ba9",
        "type": "github"
      },
      "original": {
        "owner": "kmein",
        "repo": "traadfri",
        "type": "github"
      }
    },
    "voidrice": {
      "flake": false,
      "locked": {
        "lastModified": 1683056996,
        "narHash": "sha256-6UFIyA4x+undpOg8IexqpNeTVh7Zs9E35JFdswQBa9Q=",
        "owner": "Lukesmithxyz",
        "repo": "voidrice",
        "rev": "b2833f8a67c421d1d5ba3327c8594a445b8aa386",
        "type": "github"
      },
      "original": {
        "owner": "Lukesmithxyz",
        "repo": "voidrice",
        "type": "github"
      }
    }
  },
  "root": "root",
  "version": 7
}
