{
  "nodes": {
    "flake-compat": {
      "flake": false,
      "locked": {
        "lastModified": 1650374568,
        "narHash": "sha256-Z+s0J8/r907g149rllvwhb4pKi8Wam5ij0st8PwAh+E=",
        "owner": "edolstra",
        "repo": "flake-compat",
        "rev": "b4a34015c698c7793d592d66adbab377907a2be8",
        "type": "github"
      },
      "original": {
        "owner": "edolstra",
        "repo": "flake-compat",
        "type": "github"
      }
    },
    "flake-utils": {
      "locked": {
        "lastModified": 1653893745,
        "narHash": "sha256-0jntwV3Z8//YwuOjzhV2sgJJPt+HY6KhU7VZUL0fKZQ=",
        "owner": "numtide",
        "repo": "flake-utils",
        "rev": "1ed9fb1935d260de5fe1c2f7ee0ebaae17ed2fa1",
        "type": "github"
      },
      "original": {
        "owner": "numtide",
        "repo": "flake-utils",
        "type": "github"
      }
    },
    "home-manager": {
      "inputs": {
        "flake-compat": "flake-compat",
        "nixpkgs": [
          "nixos-unstable"
        ],
        "nmd": "nmd",
        "nmt": "nmt",
        "utils": "utils"
      },
      "locked": {
        "lastModified": 1654628474,
        "narHash": "sha256-Llm9X8Af15uC9IMStxqjCfO15WgYTqTnsQq8wMcpp5Q=",
        "owner": "nix-community",
        "repo": "home-manager",
        "rev": "70824bb5c790b820b189f62f643f795b1d2ade2e",
        "type": "github"
      },
      "original": {
        "owner": "nix-community",
        "ref": "master",
        "repo": "home-manager",
        "type": "github"
      }
    },
    "krops": {
      "inputs": {
        "flake-utils": [
          "flake-utils"
        ],
        "nixpkgs": [
          "nixos-stable"
        ]
      },
      "locked": {
        "lastModified": 1644957911,
        "narHash": "sha256-ggie/j7pdBqzDs4W7OiPmhqH9IGbXAbJxGqBdVxA8jA=",
        "owner": "Mic92",
        "repo": "krops",
        "rev": "86fb3d2ee94fd8306231853b323ed8804edf26ec",
        "type": "github"
      },
      "original": {
        "owner": "Mic92",
        "repo": "krops",
        "type": "github"
      }
    },
    "menstruation-backend": {
      "flake": false,
      "locked": {
        "lastModified": 1649545504,
        "narHash": "sha256-TVm3246ML7gWPeGm+bdb+Qo8o/7nve7sQ2hBdCZm3z8=",
        "owner": "kmein",
        "repo": "menstruation.rs",
        "rev": "d9f3c6d53542fd7c7ed191e37cf4e342d4a47bcb",
        "type": "github"
      },
      "original": {
        "owner": "kmein",
        "repo": "menstruation.rs",
        "type": "github"
      }
    },
    "menstruation-telegram": {
      "flake": false,
      "locked": {
        "lastModified": 1634815642,
        "narHash": "sha256-q1OTMx5ayNu9ppHJBDUie/ow+BcA5DXnHEm11EY+C4E=",
        "owner": "kmein",
        "repo": "menstruation-telegram",
        "rev": "a34555cf46f02157718b0565b5456348fff54181",
        "type": "github"
      },
      "original": {
        "owner": "kmein",
        "repo": "menstruation-telegram",
        "type": "github"
      }
    },
    "nix-writers": {
      "flake": false,
      "locked": {
        "lastModified": 1554228333,
        "narHash": "sha256-hG/PlcCvCQhNcU55NpHfATkyH9k6cZmO7uvBoJjasXU=",
        "ref": "refs/heads/master",
        "rev": "c528cf970e292790b414b4c1c8c8e9d7e73b2a71",
        "revCount": 32,
        "type": "git",
        "url": "https://cgit.krebsco.de/nix-writers"
      },
      "original": {
        "type": "git",
        "url": "https://cgit.krebsco.de/nix-writers"
      }
    },
    "nixos-stable": {
      "locked": {
        "lastModified": 1654936503,
        "narHash": "sha256-soKzdhI4jTHv/rSbh89RdlcJmrPgH8oMb/PLqiqIYVQ=",
        "owner": "NixOS",
        "repo": "nixpkgs",
        "rev": "dab6df51387c3878cdea09f43589a15729cae9f4",
        "type": "github"
      },
      "original": {
        "owner": "NixOS",
        "ref": "nixos-22.05",
        "repo": "nixpkgs",
        "type": "github"
      }
    },
    "nixos-unstable": {
      "locked": {
        "lastModified": 1654682581,
        "narHash": "sha256-Jb1PQCwKgwdNAp907eR5zPzuxV+kRroA3UIxUxCMJ9s=",
        "owner": "NixOS",
        "repo": "nixpkgs",
        "rev": "e0169d7a9d324afebf5679551407756c77af8930",
        "type": "github"
      },
      "original": {
        "owner": "NixOS",
        "ref": "nixos-unstable",
        "repo": "nixpkgs",
        "type": "github"
      }
    },
    "nmd": {
      "flake": false,
      "locked": {
        "lastModified": 1653339422,
        "narHash": "sha256-8nc7lcYOgih3YEmRMlBwZaLLJYpLPYKBlewqHqx8ieg=",
        "owner": "rycee",
        "repo": "nmd",
        "rev": "9e7a20e6ee3f6751f699f79c0b299390f81f7bcd",
        "type": "gitlab"
      },
      "original": {
        "owner": "rycee",
        "repo": "nmd",
        "type": "gitlab"
      }
    },
    "nmt": {
      "flake": false,
      "locked": {
        "lastModified": 1648075362,
        "narHash": "sha256-u36WgzoA84dMVsGXzml4wZ5ckGgfnvS0ryzo/3zn/Pc=",
        "owner": "rycee",
        "repo": "nmt",
        "rev": "d83601002c99b78c89ea80e5e6ba21addcfe12ae",
        "type": "gitlab"
      },
      "original": {
        "owner": "rycee",
        "repo": "nmt",
        "type": "gitlab"
      }
    },
    "recht": {
      "flake": false,
      "locked": {
        "lastModified": 1619583518,
        "narHash": "sha256-3eFw6xWue9cvPxXq1ROq32ecvPOmqOedgQhyOr7N9iE=",
        "owner": "kmein",
        "repo": "recht",
        "rev": "d551afed23122bb3106e59eb2274394ec5555048",
        "type": "github"
      },
      "original": {
        "owner": "kmein",
        "repo": "recht",
        "type": "github"
      }
    },
    "retiolum": {
      "flake": false,
      "locked": {
        "lastModified": 1654544575,
        "narHash": "sha256-6ZrUcFhiCeOwS2qjFEhj/TA5Hx2D7mZ4fojzdAz5p4c=",
        "owner": "krebs",
        "repo": "retiolum",
        "rev": "8c41abaeed7f862b02dddd31eae204e262799c4b",
        "type": "github"
      },
      "original": {
        "owner": "krebs",
        "repo": "retiolum",
        "type": "github"
      }
    },
    "root": {
      "inputs": {
        "flake-utils": "flake-utils",
        "home-manager": "home-manager",
        "krops": "krops",
        "menstruation-backend": "menstruation-backend",
        "menstruation-telegram": "menstruation-telegram",
        "nix-writers": "nix-writers",
        "nixos-stable": "nixos-stable",
        "nixos-unstable": "nixos-unstable",
        "recht": "recht",
        "retiolum": "retiolum",
        "scripts": "scripts",
        "stockholm": "stockholm",
        "telebots": "telebots",
        "tinc-graph": "tinc-graph",
        "traadfri": "traadfri",
        "tuna": "tuna"
      }
    },
    "scripts": {
      "flake": false,
      "locked": {
        "lastModified": 1654020832,
        "narHash": "sha256-05V38z3cr+qYis46nDieIliA8XFBmRp6e2VSCkoFb40=",
        "owner": "kmein",
        "repo": "scripts",
        "rev": "e6b49aefe2470245bf7c4c6aaa83c1a1ce75501a",
        "type": "github"
      },
      "original": {
        "owner": "kmein",
        "repo": "scripts",
        "type": "github"
      }
    },
    "stockholm": {
      "flake": false,
      "locked": {
        "lastModified": 1654854399,
        "narHash": "sha256-iL2raUfqt+myKjDrmA/TZ7bCaaDmbzqZljHgRyZ7dX0=",
        "ref": "refs/heads/master",
        "rev": "18ea4967c1a708a70c0c807c4ba2f602bc72570c",
        "revCount": 10677,
        "type": "git",
        "url": "https://cgit.lassul.us/stockholm"
      },
      "original": {
        "type": "git",
        "url": "https://cgit.lassul.us/stockholm"
      }
    },
    "telebots": {
      "flake": false,
      "locked": {
        "lastModified": 1623510321,
        "narHash": "sha256-MxYNNL81RXZkYLd4IgiNTSo1X80kTuDzsdGNSA0f1y8=",
        "owner": "kmein",
        "repo": "telebots",
        "rev": "22931c9457e092c4e413555dbe61819d77844246",
        "type": "github"
      },
      "original": {
        "owner": "kmein",
        "repo": "telebots",
        "type": "github"
      }
    },
    "tinc-graph": {
      "flake": false,
      "locked": {
        "lastModified": 1653080212,
        "narHash": "sha256-BcfppAuVNp0hMcrMG/ZxE4juSrdQbJSUIA0eHS1/Wxo=",
        "owner": "kmein",
        "repo": "tinc-graph",
        "rev": "ea0ef2e5542684d1d8e34a626cb9295dec33e70d",
        "type": "github"
      },
      "original": {
        "owner": "kmein",
        "repo": "tinc-graph",
        "type": "github"
      }
    },
    "traadfri": {
      "flake": false,
      "locked": {
        "lastModified": 1640451803,
        "narHash": "sha256-zS/b93uFpPM9basNP7ngmm+YjYV0IUQAmNghetHA6Ss=",
        "owner": "kmein",
        "repo": "traadfri",
        "rev": "cf46bd09cd3263b90a09b0ca979aa705a4c3671c",
        "type": "github"
      },
      "original": {
        "owner": "kmein",
        "repo": "traadfri",
        "type": "github"
      }
    },
    "tuna": {
      "flake": false,
      "locked": {
        "lastModified": 1627117248,
        "narHash": "sha256-OfqbWLblJY4BJlrCpn8EkHoP3baNJSDTbw45SPaX+0Q=",
        "owner": "kmein",
        "repo": "tuna",
        "rev": "1cbed44069a3009738afdafecefe0a05316039a6",
        "type": "github"
      },
      "original": {
        "owner": "kmein",
        "repo": "tuna",
        "type": "github"
      }
    },
    "utils": {
      "locked": {
        "lastModified": 1653893745,
        "narHash": "sha256-0jntwV3Z8//YwuOjzhV2sgJJPt+HY6KhU7VZUL0fKZQ=",
        "owner": "numtide",
        "repo": "flake-utils",
        "rev": "1ed9fb1935d260de5fe1c2f7ee0ebaae17ed2fa1",
        "type": "github"
      },
      "original": {
        "owner": "numtide",
        "repo": "flake-utils",
        "type": "github"
      }
    }
  },
  "root": "root",
  "version": 7
}
