{
  "nodes": {
    "agenix": {
      "inputs": {
        "darwin": "darwin",
        "nixpkgs": [
          "nixpkgs"
        ]
      },
      "locked": {
        "lastModified": 1677247280,
        "narHash": "sha256-sa+8MtoAOSLsWP9vf0qiJUyMovIEYgDzHE8TkoK04Hk=",
        "owner": "ryantm",
        "repo": "agenix",
        "rev": "833f87c8ff574a29aea3e091045cbaed3cf86bc1",
        "type": "github"
      },
      "original": {
        "owner": "ryantm",
        "repo": "agenix",
        "type": "github"
      }
    },
    "blessings": {
      "flake": false,
      "locked": {
        "lastModified": 1549397368,
        "narHash": "sha256-YVIGRG+/ey4nFEZl1ZPHj7Hx/Of3rsUGnkLK4V4zZd0=",
        "ref": "refs/heads/master",
        "rev": "d94712a015636efe7ec79bc0a2eec6739d0be779",
        "revCount": 18,
        "type": "git",
        "url": "https://cgit.krebsco.de/blessings"
      },
      "original": {
        "type": "git",
        "url": "https://cgit.krebsco.de/blessings"
      }
    },
    "darwin": {
      "inputs": {
        "nixpkgs": [
          "agenix",
          "nixpkgs"
        ]
      },
      "locked": {
        "lastModified": 1673295039,
        "narHash": "sha256-AsdYgE8/GPwcelGgrntlijMg4t3hLFJFCRF3tL5WVjA=",
        "owner": "lnl7",
        "repo": "nix-darwin",
        "rev": "87b9d090ad39b25b2400029c64825fc2a8868943",
        "type": "github"
      },
      "original": {
        "owner": "lnl7",
        "ref": "master",
        "repo": "nix-darwin",
        "type": "github"
      }
    },
    "flake-utils": {
      "locked": {
        "lastModified": 1676283394,
        "narHash": "sha256-XX2f9c3iySLCw54rJ/CZs+ZK6IQy7GXNY4nSOyu2QG4=",
        "owner": "numtide",
        "repo": "flake-utils",
        "rev": "3db36a8b464d0c4532ba1c7dda728f4576d6d073",
        "type": "github"
      },
      "original": {
        "owner": "numtide",
        "repo": "flake-utils",
        "type": "github"
      }
    },
    "flake-utils_10": {
      "locked": {
        "lastModified": 1659877975,
        "narHash": "sha256-zllb8aq3YO3h8B/U0/J1WBgAL8EX5yWf5pMj3G0NAmc=",
        "owner": "numtide",
        "repo": "flake-utils",
        "rev": "c0e246b9b83f637f4681389ecabcb2681b4f3af0",
        "type": "github"
      },
      "original": {
        "owner": "numtide",
        "repo": "flake-utils",
        "type": "github"
      }
    },
    "flake-utils_11": {
      "locked": {
        "lastModified": 1676283394,
        "narHash": "sha256-XX2f9c3iySLCw54rJ/CZs+ZK6IQy7GXNY4nSOyu2QG4=",
        "owner": "numtide",
        "repo": "flake-utils",
        "rev": "3db36a8b464d0c4532ba1c7dda728f4576d6d073",
        "type": "github"
      },
      "original": {
        "owner": "numtide",
        "repo": "flake-utils",
        "type": "github"
      }
    },
    "flake-utils_2": {
      "locked": {
        "lastModified": 1659877975,
        "narHash": "sha256-zllb8aq3YO3h8B/U0/J1WBgAL8EX5yWf5pMj3G0NAmc=",
        "owner": "numtide",
        "repo": "flake-utils",
        "rev": "c0e246b9b83f637f4681389ecabcb2681b4f3af0",
        "type": "github"
      },
      "original": {
        "owner": "numtide",
        "repo": "flake-utils",
        "type": "github"
      }
    },
    "flake-utils_3": {
      "locked": {
        "lastModified": 1676283394,
        "narHash": "sha256-XX2f9c3iySLCw54rJ/CZs+ZK6IQy7GXNY4nSOyu2QG4=",
        "owner": "numtide",
        "repo": "flake-utils",
        "rev": "3db36a8b464d0c4532ba1c7dda728f4576d6d073",
        "type": "github"
      },
      "original": {
        "owner": "numtide",
        "repo": "flake-utils",
        "type": "github"
      }
    },
    "flake-utils_4": {
      "locked": {
        "lastModified": 1659877975,
        "narHash": "sha256-zllb8aq3YO3h8B/U0/J1WBgAL8EX5yWf5pMj3G0NAmc=",
        "owner": "numtide",
        "repo": "flake-utils",
        "rev": "c0e246b9b83f637f4681389ecabcb2681b4f3af0",
        "type": "github"
      },
      "original": {
        "owner": "numtide",
        "repo": "flake-utils",
        "type": "github"
      }
    },
    "flake-utils_5": {
      "locked": {
        "lastModified": 1676283394,
        "narHash": "sha256-XX2f9c3iySLCw54rJ/CZs+ZK6IQy7GXNY4nSOyu2QG4=",
        "owner": "numtide",
        "repo": "flake-utils",
        "rev": "3db36a8b464d0c4532ba1c7dda728f4576d6d073",
        "type": "github"
      },
      "original": {
        "owner": "numtide",
        "repo": "flake-utils",
        "type": "github"
      }
    },
    "flake-utils_6": {
      "locked": {
        "lastModified": 1659877975,
        "narHash": "sha256-zllb8aq3YO3h8B/U0/J1WBgAL8EX5yWf5pMj3G0NAmc=",
        "owner": "numtide",
        "repo": "flake-utils",
        "rev": "c0e246b9b83f637f4681389ecabcb2681b4f3af0",
        "type": "github"
      },
      "original": {
        "owner": "numtide",
        "repo": "flake-utils",
        "type": "github"
      }
    },
    "flake-utils_7": {
      "locked": {
        "lastModified": 1676283394,
        "narHash": "sha256-XX2f9c3iySLCw54rJ/CZs+ZK6IQy7GXNY4nSOyu2QG4=",
        "owner": "numtide",
        "repo": "flake-utils",
        "rev": "3db36a8b464d0c4532ba1c7dda728f4576d6d073",
        "type": "github"
      },
      "original": {
        "owner": "numtide",
        "repo": "flake-utils",
        "type": "github"
      }
    },
    "flake-utils_8": {
      "locked": {
        "lastModified": 1676283394,
        "narHash": "sha256-XX2f9c3iySLCw54rJ/CZs+ZK6IQy7GXNY4nSOyu2QG4=",
        "owner": "numtide",
        "repo": "flake-utils",
        "rev": "3db36a8b464d0c4532ba1c7dda728f4576d6d073",
        "type": "github"
      },
      "original": {
        "owner": "numtide",
        "repo": "flake-utils",
        "type": "github"
      }
    },
    "flake-utils_9": {
      "locked": {
        "lastModified": 1676283394,
        "narHash": "sha256-XX2f9c3iySLCw54rJ/CZs+ZK6IQy7GXNY4nSOyu2QG4=",
        "owner": "numtide",
        "repo": "flake-utils",
        "rev": "3db36a8b464d0c4532ba1c7dda728f4576d6d073",
        "type": "github"
      },
      "original": {
        "owner": "numtide",
        "repo": "flake-utils",
        "type": "github"
      }
    },
    "home-manager": {
      "inputs": {
        "nixpkgs": [
          "nixpkgs"
        ],
        "utils": "utils"
      },
      "locked": {
        "lastModified": 1677284824,
        "narHash": "sha256-I3gDxmGjyXdtOR5S8sIeCO8pT+5OR69f/g5EVoQUdsY=",
        "owner": "nix-community",
        "repo": "home-manager",
        "rev": "29280978234b73423f4eb708cbb999295f76b42a",
        "type": "github"
      },
      "original": {
        "owner": "nix-community",
        "ref": "release-22.11",
        "repo": "home-manager",
        "type": "github"
      }
    },
    "menstruation-backend": {
      "inputs": {
        "flake-utils": [
          "flake-utils"
        ],
        "nixpkgs": [
          "nixpkgs"
        ],
        "rust-overlay": "rust-overlay"
      },
      "locked": {
        "lastModified": 1677075142,
        "narHash": "sha256-0RXVZcK2YtPckd/3+jb+yLpeXZ6jnQe25w9idztDXi8=",
        "owner": "kmein",
        "repo": "menstruation.rs",
        "rev": "e34af4393963cdbadb456b7b9ae2e95e6db7b8a3",
        "type": "github"
      },
      "original": {
        "owner": "kmein",
        "repo": "menstruation.rs",
        "type": "github"
      }
    },
    "menstruation-backend_2": {
      "inputs": {
        "flake-utils": [
          "menstruation-telegram",
          "menstruation-backend",
          "rust-overlay",
          "flake-utils"
        ],
        "nixpkgs": [
          "menstruation-telegram",
          "menstruation-backend",
          "rust-overlay",
          "nixpkgs"
        ],
        "rust-overlay": "rust-overlay_2"
      },
      "locked": {
        "lastModified": 1677075142,
        "narHash": "sha256-0RXVZcK2YtPckd/3+jb+yLpeXZ6jnQe25w9idztDXi8=",
        "owner": "kmein",
        "repo": "menstruation.rs",
        "rev": "e34af4393963cdbadb456b7b9ae2e95e6db7b8a3",
        "type": "github"
      },
      "original": {
        "owner": "kmein",
        "repo": "menstruation.rs",
        "type": "github"
      }
    },
    "menstruation-telegram": {
      "inputs": {
        "flake-utils": "flake-utils_3",
        "menstruation-backend": "menstruation-backend_2",
        "nixpkgs": "nixpkgs_3"
      },
      "locked": {
        "lastModified": 1677075205,
        "narHash": "sha256-2+xuAhsS3y2qB0ObVPCHXrmnTsIZ8uI5HFI4+Ash8PY=",
        "owner": "kmein",
        "repo": "menstruation-telegram",
        "rev": "f7ddb6d9610aacb50ec66a3ce1bdc49fe4664a49",
        "type": "github"
      },
      "original": {
        "owner": "kmein",
        "repo": "menstruation-telegram",
        "type": "github"
      }
    },
    "nix-writers": {
      "inputs": {
        "flake-utils": "flake-utils_8",
        "nixpkgs": "nixpkgs_7"
      },
      "locked": {
        "lastModified": 1677612737,
        "narHash": "sha256-UaCKZ4PbMZU6UZH7XNFcjRtd5jheswl66rjZDBfQgp8=",
        "ref": "refs/heads/master",
        "rev": "66a1f6833464bbb121b6d94247ad769f277351f8",
        "revCount": 39,
        "type": "git",
        "url": "https://cgit.krebsco.de/nix-writers"
      },
      "original": {
        "type": "git",
        "url": "https://cgit.krebsco.de/nix-writers"
      }
    },
    "nixinate": {
      "inputs": {
        "nixpkgs": [
          "nixpkgs"
        ]
      },
      "locked": {
        "lastModified": 1671116920,
        "narHash": "sha256-QmDGsUUmAGn77UTR7eQJmebl8f3IIUCtmbbAdJqKA3s=",
        "owner": "matthewcroughan",
        "repo": "nixinate",
        "rev": "b4d17b8e2a4abc47e93e1a1c466e0286a63640d8",
        "type": "github"
      },
      "original": {
        "owner": "matthewcroughan",
        "repo": "nixinate",
        "type": "github"
      }
    },
    "nixpkgs": {
      "locked": {
        "lastModified": 1665296151,
        "narHash": "sha256-uOB0oxqxN9K7XGF1hcnY+PQnlQJ+3bP2vCn/+Ru/bbc=",
        "owner": "NixOS",
        "repo": "nixpkgs",
        "rev": "14ccaaedd95a488dd7ae142757884d8e125b3363",
        "type": "github"
      },
      "original": {
        "owner": "NixOS",
        "ref": "nixpkgs-unstable",
        "repo": "nixpkgs",
        "type": "github"
      }
    },
    "nixpkgs_10": {
      "locked": {
        "lastModified": 1669418739,
        "narHash": "sha256-T86oFvcUIRwHWBWUt7WjaP4BP/3lDGbv5AppQSI1FkI=",
        "owner": "NixOS",
        "repo": "nixpkgs",
        "rev": "695b3515251873e0a7e2021add4bba643c56cde3",
        "type": "github"
      },
      "original": {
        "owner": "NixOS",
        "repo": "nixpkgs",
        "rev": "695b3515251873e0a7e2021add4bba643c56cde3",
        "type": "github"
      }
    },
    "nixpkgs_2": {
      "locked": {
        "lastModified": 1665296151,
        "narHash": "sha256-uOB0oxqxN9K7XGF1hcnY+PQnlQJ+3bP2vCn/+Ru/bbc=",
        "owner": "NixOS",
        "repo": "nixpkgs",
        "rev": "14ccaaedd95a488dd7ae142757884d8e125b3363",
        "type": "github"
      },
      "original": {
        "owner": "NixOS",
        "ref": "nixpkgs-unstable",
        "repo": "nixpkgs",
        "type": "github"
      }
    },
    "nixpkgs_3": {
      "locked": {
        "lastModified": 1669418739,
        "narHash": "sha256-T86oFvcUIRwHWBWUt7WjaP4BP/3lDGbv5AppQSI1FkI=",
        "owner": "NixOS",
        "repo": "nixpkgs",
        "rev": "695b3515251873e0a7e2021add4bba643c56cde3",
        "type": "github"
      },
      "original": {
        "owner": "NixOS",
        "repo": "nixpkgs",
        "rev": "695b3515251873e0a7e2021add4bba643c56cde3",
        "type": "github"
      }
    },
    "nixpkgs_4": {
      "locked": {
        "lastModified": 1677179781,
        "narHash": "sha256-+peLp16ruWLuTFHo0ZUbLlS1/meS/+RsWQQ9bUAzOh8=",
        "owner": "NixOS",
        "repo": "nixpkgs",
        "rev": "50c23cd4ff6c8344e0b4d438b027b3afabfe58dd",
        "type": "github"
      },
      "original": {
        "owner": "NixOS",
        "ref": "nixos-22.11",
        "repo": "nixpkgs",
        "type": "github"
      }
    },
    "nixpkgs_5": {
      "locked": {
        "lastModified": 1677158633,
        "narHash": "sha256-t7za78oRkDIjdFQF0PCilfCziFyhfowCgs9Ry+sEvE4=",
        "owner": "NixOS",
        "repo": "nixpkgs",
        "rev": "129b6f78121802d18d215c9f9e04d7971c58ea0c",
        "type": "github"
      },
      "original": {
        "owner": "NixOS",
        "repo": "nixpkgs",
        "type": "github"
      }
    },
    "nixpkgs_6": {
      "locked": {
        "lastModified": 1665296151,
        "narHash": "sha256-uOB0oxqxN9K7XGF1hcnY+PQnlQJ+3bP2vCn/+Ru/bbc=",
        "owner": "NixOS",
        "repo": "nixpkgs",
        "rev": "14ccaaedd95a488dd7ae142757884d8e125b3363",
        "type": "github"
      },
      "original": {
        "owner": "NixOS",
        "ref": "nixpkgs-unstable",
        "repo": "nixpkgs",
        "type": "github"
      }
    },
    "nixpkgs_7": {
      "locked": {
        "lastModified": 1677608380,
        "narHash": "sha256-k82O23qBAK+43X0KSBjsMYXG2x4kWWXeAmpPTc2KRGY=",
        "owner": "NixOS",
        "repo": "nixpkgs",
        "rev": "4aba90e89f6d4ac6138939961f62842bd94ec929",
        "type": "github"
      },
      "original": {
        "owner": "NixOS",
        "repo": "nixpkgs",
        "type": "github"
      }
    },
    "nixpkgs_8": {
      "locked": {
        "lastModified": 1659446231,
        "narHash": "sha256-hekabNdTdgR/iLsgce5TGWmfIDZ86qjPhxDg/8TlzhE=",
        "owner": "NixOS",
        "repo": "nixpkgs",
        "rev": "eabc38219184cc3e04a974fe31857d8e0eac098d",
        "type": "github"
      },
      "original": {
        "owner": "NixOS",
        "ref": "nixos-21.11",
        "repo": "nixpkgs",
        "type": "github"
      }
    },
    "nixpkgs_9": {
      "locked": {
        "lastModified": 1665296151,
        "narHash": "sha256-uOB0oxqxN9K7XGF1hcnY+PQnlQJ+3bP2vCn/+Ru/bbc=",
        "owner": "NixOS",
        "repo": "nixpkgs",
        "rev": "14ccaaedd95a488dd7ae142757884d8e125b3363",
        "type": "github"
      },
      "original": {
        "owner": "NixOS",
        "ref": "nixpkgs-unstable",
        "repo": "nixpkgs",
        "type": "github"
      }
    },
    "nur": {
      "locked": {
        "lastModified": 1677308535,
        "narHash": "sha256-66BgZxZ+MnxouwGRd0K9ue1G70r8jyR6l2neuMMiYjs=",
        "owner": "nix-community",
        "repo": "NUR",
        "rev": "ab8cd578fc38e3e797eaa98cd392b2f625a0f265",
        "type": "github"
      },
      "original": {
        "owner": "nix-community",
        "repo": "NUR",
        "type": "github"
      }
    },
    "recht": {
      "inputs": {
        "blessings": "blessings",
        "flake-utils": "flake-utils_5",
        "nixpkgs": "nixpkgs_5"
      },
      "locked": {
        "lastModified": 1677165419,
        "narHash": "sha256-pjYpXg+09rayon6uhSNd30ryrT2zYLOlDLBHQ9pnGZg=",
        "owner": "kmein",
        "repo": "recht",
        "rev": "5fa158ce21de797bd95a934dab8d4403b7531d20",
        "type": "github"
      },
      "original": {
        "owner": "kmein",
        "repo": "recht",
        "type": "github"
      }
    },
    "retiolum": {
      "locked": {
        "lastModified": 1676473689,
        "narHash": "sha256-TGQbsiIojBj4DvGhhkI3i2dq9NmU2Vkt+i7Rw2U/BEg=",
        "ref": "refs/heads/master",
        "rev": "30152917194d6e54ce68e45b499323356db3ae7c",
        "revCount": 283,
        "type": "git",
        "url": "https://git.thalheim.io/Mic92/retiolum"
      },
      "original": {
        "type": "git",
        "url": "https://git.thalheim.io/Mic92/retiolum"
      }
    },
    "root": {
      "inputs": {
        "agenix": "agenix",
        "flake-utils": "flake-utils",
        "home-manager": "home-manager",
        "menstruation-backend": "menstruation-backend",
        "menstruation-telegram": "menstruation-telegram",
        "nixinate": "nixinate",
        "nixpkgs": "nixpkgs_4",
        "nur": "nur",
        "recht": "recht",
        "retiolum": "retiolum",
        "scripts": "scripts",
        "stockholm": "stockholm",
        "telebots": "telebots",
        "tinc-graph": "tinc-graph",
        "traadfri": "traadfri",
        "voidrice": "voidrice"
      }
    },
    "rust-overlay": {
      "inputs": {
        "flake-utils": "flake-utils_2",
        "nixpkgs": "nixpkgs"
      },
      "locked": {
        "lastModified": 1677033035,
        "narHash": "sha256-w6XsKaW46kZNEk2vVfuoNIBEq/YzDy9kNk8cU0xJZEQ=",
        "owner": "oxalica",
        "repo": "rust-overlay",
        "rev": "6c9e8ea3ba73a9fed29ddc1cc52ade8e5c946a8d",
        "type": "github"
      },
      "original": {
        "owner": "oxalica",
        "repo": "rust-overlay",
        "type": "github"
      }
    },
    "rust-overlay_2": {
      "inputs": {
        "flake-utils": "flake-utils_4",
        "nixpkgs": "nixpkgs_2"
      },
      "locked": {
        "lastModified": 1677033035,
        "narHash": "sha256-w6XsKaW46kZNEk2vVfuoNIBEq/YzDy9kNk8cU0xJZEQ=",
        "owner": "oxalica",
        "repo": "rust-overlay",
        "rev": "6c9e8ea3ba73a9fed29ddc1cc52ade8e5c946a8d",
        "type": "github"
      },
      "original": {
        "owner": "oxalica",
        "repo": "rust-overlay",
        "type": "github"
      }
    },
    "rust-overlay_3": {
      "inputs": {
        "flake-utils": "flake-utils_6",
        "nixpkgs": "nixpkgs_6"
      },
      "locked": {
        "lastModified": 1677119371,
        "narHash": "sha256-L0Da4eKzDZrsy8ysOS1lhgDjAgEqGvYGf/lXaRd5/YQ=",
        "owner": "oxalica",
        "repo": "rust-overlay",
        "rev": "c67c79ea25664d66e74ae91a6fa0d6c65d12d3a7",
        "type": "github"
      },
      "original": {
        "owner": "oxalica",
        "repo": "rust-overlay",
        "type": "github"
      }
    },
    "rust-overlay_4": {
      "inputs": {
        "flake-utils": "flake-utils_10",
        "nixpkgs": "nixpkgs_9"
      },
      "locked": {
        "lastModified": 1677119371,
        "narHash": "sha256-L0Da4eKzDZrsy8ysOS1lhgDjAgEqGvYGf/lXaRd5/YQ=",
        "owner": "oxalica",
        "repo": "rust-overlay",
        "rev": "c67c79ea25664d66e74ae91a6fa0d6c65d12d3a7",
        "type": "github"
      },
      "original": {
        "owner": "oxalica",
        "repo": "rust-overlay",
        "type": "github"
      }
    },
    "scripts": {
      "inputs": {
        "flake-utils": [
          "scripts",
          "rust-overlay",
          "flake-utils"
        ],
        "nixpkgs": [
          "scripts",
          "rust-overlay",
          "nixpkgs"
        ],
        "rust-overlay": "rust-overlay_3"
      },
      "locked": {
        "lastModified": 1677271864,
        "narHash": "sha256-BghYMB/lauerExMsDtGZNGZGdoGuF7LPtbmpyh9ycyA=",
        "owner": "kmein",
        "repo": "scripts",
        "rev": "79bffac7f9eda1b3be76f2a4ff18d81b44c74390",
        "type": "github"
      },
      "original": {
        "owner": "kmein",
        "repo": "scripts",
        "type": "github"
      }
    },
    "stockholm": {
      "inputs": {
        "flake-utils": "flake-utils_7",
        "nix-writers": "nix-writers",
        "nixpkgs": [
          "nixpkgs"
        ]
      },
      "locked": {
        "lastModified": 1677616153,
        "narHash": "sha256-PNXb97q62yK61alFlOeohpro8WLxt2ay1jYUTrFMgPA=",
        "owner": "kmein",
        "repo": "stockholm",
        "rev": "831a6668339e3be59a449645624fd61e55bd45ff",
        "type": "github"
      },
      "original": {
        "owner": "kmein",
        "repo": "stockholm",
        "type": "github"
      }
    },
    "telebots": {
      "inputs": {
        "flake-utils": "flake-utils_9",
        "nixpkgs": "nixpkgs_8"
      },
      "locked": {
        "lastModified": 1677156381,
        "narHash": "sha256-OMhqYJO2bWtL6osTMpQhA4ySUl4gvJTI13m1agipHJ0=",
        "owner": "kmein",
        "repo": "telebots",
        "rev": "5527e359e8394f2f66067de7f61587eb65055209",
        "type": "github"
      },
      "original": {
        "owner": "kmein",
        "repo": "telebots",
        "type": "github"
      }
    },
    "tinc-graph": {
      "inputs": {
        "flake-utils": [
          "flake-utils"
        ],
        "nixpkgs": [
          "nixpkgs"
        ],
        "rust-overlay": "rust-overlay_4"
      },
      "locked": {
        "lastModified": 1677160040,
        "narHash": "sha256-UhyZaIZ88vN/7fiBcamfV77eHjQnL8zSVznaqxLgbhs=",
        "owner": "kmein",
        "repo": "tinc-graph",
        "rev": "f705ca35e30ab0daf9cf52000e58931d7c5c42b5",
        "type": "github"
      },
      "original": {
        "owner": "kmein",
        "repo": "tinc-graph",
        "type": "github"
      }
    },
    "traadfri": {
      "inputs": {
        "flake-utils": "flake-utils_11",
        "nixpkgs": "nixpkgs_10"
      },
      "locked": {
        "lastModified": 1677165914,
        "narHash": "sha256-3N08NabgDwTUy1n5wxpT27iddFrgXW35E1x2UgAKkDQ=",
        "owner": "kmein",
        "repo": "traadfri",
        "rev": "11571116ed5d2c6478c615d663d1f96f57a97ba9",
        "type": "github"
      },
      "original": {
        "owner": "kmein",
        "repo": "traadfri",
        "type": "github"
      }
    },
    "utils": {
      "locked": {
        "lastModified": 1667395993,
        "narHash": "sha256-nuEHfE/LcWyuSWnS8t12N1wc105Qtau+/OdUAjtQ0rA=",
        "owner": "numtide",
        "repo": "flake-utils",
        "rev": "5aed5285a952e0b949eb3ba02c12fa4fcfef535f",
        "type": "github"
      },
      "original": {
        "owner": "numtide",
        "repo": "flake-utils",
        "type": "github"
      }
    },
    "voidrice": {
      "flake": false,
      "locked": {
        "lastModified": 1677155625,
        "narHash": "sha256-fxkeRwTfdzfHTRmwvUpbbL/bcCtDot/b7sUXfyq3+Vo=",
        "owner": "Lukesmithxyz",
        "repo": "voidrice",
        "rev": "2062e8110cc6b4479417ff5c5f966aebe337a6da",
        "type": "github"
      },
      "original": {
        "owner": "Lukesmithxyz",
        "repo": "voidrice",
        "type": "github"
      }
    }
  },
  "root": "root",
  "version": 7
}
