# THIS IS AN AUTOGENERATED FILE. DO NOT EDIT THIS FILE DIRECTLY.
# yarn lockfile v1


"@indic-transliteration/common_maps@^1.0.0":
  version "1.0.0"
  resolved "https://registry.yarnpkg.com/@indic-transliteration/common_maps/-/common_maps-1.0.0.tgz#c1f1c893ae49e01fe498ef1877bdd0153bc90b42"
  integrity sha512-NUza2GKxc6/0YiWWew3qsFenEgksnFSZWvNGqyyKYnII9wZS/U+w1jY/yYN9aR+foA/rPymvckM2/hKv9Ow2dQ==

"@indic-transliteration/sanscript@^1.2.7":
  version "1.2.7"
  resolved "https://registry.yarnpkg.com/@indic-transliteration/sanscript/-/sanscript-1.2.7.tgz#c07aaa979f6d60fb0bbf35cdbd1d3bb1c487d931"
  integrity sha512-Jm5z+wWxMUlw6dGHK7BHQUBjRnVHmfidmB7NiTbkdKPP89BDOB16zIKvXZY5XTsvkXmcyqF+DbJqiB9zzUhDKA==
  dependencies:
    "@indic-transliteration/common_maps" "^1.0.0"
    toml "^2.3.6"

toml@^2.3.6:
  version "2.3.6"
  resolved "https://registry.yarnpkg.com/toml/-/toml-2.3.6.tgz#25b0866483a9722474895559088b436fd11f861b"
  integrity sha512-gVweAectJU3ebq//Ferr2JUY4WKSDe5N+z0FvjDncLGyHmIDoxgY/2Ie4qfEIDm4IS7OA6Rmdm7pdEEdMcV/xQ==
