# THIS IS AN AUTOGENERATED FILE. DO NOT EDIT THIS FILE DIRECTLY.
# yarn lockfile v1


"@sanskrit-coders/sanscript@^1.1.5":
  version "1.1.5"
  resolved "https://registry.yarnpkg.com/@sanskrit-coders/sanscript/-/sanscript-1.1.5.tgz#a22222cf7a5d55f7b19e210242c59f6f819fd643"
  integrity sha512-YA7MchP2CD2JnAOkj+ORDUFrISiPqx3muvhKvRO3KFOx9UfvpIdEUORoKWJ88lr1uH9T32jDxjns/MSclmDczA==
